// !$*UTF8*$!
{
	archiveVersion = 1;
	classes = {
	};
	objectVersion = 46;
	objects = {

/* Begin PBXBuildFile section */
		A75A71691D14807500D6EA10 /* AppDelegate.swift in Sources */ = {isa = PBXBuildFile; fileRef = A75A71681D14807500D6EA10 /* AppDelegate.swift */; };
		A75A71701D14807500D6EA10 /* Assets.xcassets in Resources */ = {isa = PBXBuildFile; fileRef = A75A716F1D14807500D6EA10 /* Assets.xcassets */; };
		A75A71731D14807500D6EA10 /* LaunchScreen.storyboard in Resources */ = {isa = PBXBuildFile; fileRef = A75A71711D14807500D6EA10 /* LaunchScreen.storyboard */; };
		A76270C71D46F7C7009ADCDF /* Main.storyboard in Resources */ = {isa = PBXBuildFile; fileRef = A7216B151D46EBAD001B0095 /* Main.storyboard */; };
		A7A904111D492B9C0086C940 /* ViewController.swift in Sources */ = {isa = PBXBuildFile; fileRef = A7A904101D492B9C0086C940 /* ViewController.swift */; };
		A7E089E71D497B4700CADCA1 /* MealsTableViewController.swift in Sources */ = {isa = PBXBuildFile; fileRef = A7E089E61D497B4700CADCA1 /* MealsTableViewController.swift */; };
		A7E089E81D498B1400CADCA1 /* MealsTableViewController.swift in Resources */ = {isa = PBXBuildFile; fileRef = A7E089E61D497B4700CADCA1 /* MealsTableViewController.swift */; };
		A7F5C7B11D49341100CF6A10 /* Item.swift in Sources */ = {isa = PBXBuildFile; fileRef = A7F5C7AF1D49341100CF6A10 /* Item.swift */; };
		A7F5C7B21D49341100CF6A10 /* Meal.swift in Sources */ = {isa = PBXBuildFile; fileRef = A7F5C7B01D49341100CF6A10 /* Meal.swift */; };
		A7F5C7B31D493AD100CF6A10 /* Meal.swift in Resources */ = {isa = PBXBuildFile; fileRef = A7F5C7B01D49341100CF6A10 /* Meal.swift */; };
		A7F5C7B41D493ADA00CF6A10 /* Item.swift in Resources */ = {isa = PBXBuildFile; fileRef = A7F5C7AF1D49341100CF6A10 /* Item.swift */; };
		A7F5C7B51D493ADA00CF6A10 /* ViewController.swift in Resources */ = {isa = PBXBuildFile; fileRef = A7A904101D492B9C0086C940 /* ViewController.swift */; };
/* End PBXBuildFile section */

/* Begin PBXFileReference section */
		A7216B0F1D46E7BB001B0095 /* Info.plist */ = {isa = PBXFileReference; fileEncoding = 4; lastKnownFileType = text.plist.xml; path = Info.plist; sourceTree = "<group>"; };
		A7216B151D46EBAD001B0095 /* Main.storyboard */ = {isa = PBXFileReference; fileEncoding = 4; lastKnownFileType = file.storyboard; name = Main.storyboard; path = "Eggplant Brownie/Main.storyboard"; sourceTree = SOURCE_ROOT; };
		A75A71651D14807400D6EA10 /* Eggplant Brownie.app */ = {isa = PBXFileReference; explicitFileType = wrapper.application; includeInIndex = 0; path = "Eggplant Brownie.app"; sourceTree = BUILT_PRODUCTS_DIR; };
		A75A71681D14807500D6EA10 /* AppDelegate.swift */ = {isa = PBXFileReference; lastKnownFileType = sourcecode.swift; path = AppDelegate.swift; sourceTree = "<group>"; };
		A75A716F1D14807500D6EA10 /* Assets.xcassets */ = {isa = PBXFileReference; lastKnownFileType = folder.assetcatalog; path = Assets.xcassets; sourceTree = "<group>"; };
		A75A71721D14807500D6EA10 /* Base */ = {isa = PBXFileReference; lastKnownFileType = file.storyboard; name = Base; path = Base.lproj/LaunchScreen.storyboard; sourceTree = "<group>"; };
		A7A904101D492B9C0086C940 /* ViewController.swift */ = {isa = PBXFileReference; fileEncoding = 4; lastKnownFileType = sourcecode.swift; path = ViewController.swift; sourceTree = "<group>"; };
		A7E089E61D497B4700CADCA1 /* MealsTableViewController.swift */ = {isa = PBXFileReference; fileEncoding = 4; lastKnownFileType = sourcecode.swift; lineEnding = 0; name = MealsTableViewController.swift; path = viewcontrollers/MealsTableViewController.swift; sourceTree = "<group>"; usesTabs = 0; };
		A7F5C7AF1D49341100CF6A10 /* Item.swift */ = {isa = PBXFileReference; fileEncoding = 4; lastKnownFileType = sourcecode.swift; path = Item.swift; sourceTree = "<group>"; };
		A7F5C7B01D49341100CF6A10 /* Meal.swift */ = {isa = PBXFileReference; fileEncoding = 4; lastKnownFileType = sourcecode.swift; path = Meal.swift; sourceTree = "<group>"; };
/* End PBXFileReference section */

/* Begin PBXFrameworksBuildPhase section */
		A75A71621D14807400D6EA10 /* Frameworks */ = {
			isa = PBXFrameworksBuildPhase;
			buildActionMask = 2147483647;
			files = (
			);
			runOnlyForDeploymentPostprocessing = 0;
		};
/* End PBXFrameworksBuildPhase section */

/* Begin PBXGroup section */
		A75A715C1D14807400D6EA10 = {
			isa = PBXGroup;
			children = (
				A75A71671D14807400D6EA10 /* Eggplant Brownie */,
				A75A71661D14807400D6EA10 /* Products */,
			);
			sourceTree = "<group>";
		};
		A75A71661D14807400D6EA10 /* Products */ = {
			isa = PBXGroup;
			children = (
				A75A71651D14807400D6EA10 /* Eggplant Brownie.app */,
			);
			name = Products;
			sourceTree = "<group>";
		};
		A75A71671D14807400D6EA10 /* Eggplant Brownie */ = {
			isa = PBXGroup;
			children = (
				A7F5C7AF1D49341100CF6A10 /* Item.swift */,
				A7E089E61D497B4700CADCA1 /* MealsTableViewController.swift */,
				A7F5C7B01D49341100CF6A10 /* Meal.swift */,
				A7A904101D492B9C0086C940 /* ViewController.swift */,
				A7216B151D46EBAD001B0095 /* Main.storyboard */,
				A7216B0F1D46E7BB001B0095 /* Info.plist */,
				A75A71681D14807500D6EA10 /* AppDelegate.swift */,
				A75A716F1D14807500D6EA10 /* Assets.xcassets */,
				A75A71711D14807500D6EA10 /* LaunchScreen.storyboard */,
			);
			path = "Eggplant Brownie";
			sourceTree = "<group>";
		};
/* End PBXGroup section */

/* Begin PBXNativeTarget section */
		A75A71641D14807400D6EA10 /* Eggplant Brownie */ = {
			isa = PBXNativeTarget;
			buildConfigurationList = A75A71771D14807500D6EA10 /* Build configuration list for PBXNativeTarget "Eggplant Brownie" */;
			buildPhases = (
				A75A71611D14807400D6EA10 /* Sources */,
				A75A71621D14807400D6EA10 /* Frameworks */,
				A75A71631D14807400D6EA10 /* Resources */,
			);
			buildRules = (
			);
			dependencies = (
			);
			name = "Eggplant Brownie";
			productName = "Eggplant Brownie";
			productReference = A75A71651D14807400D6EA10 /* Eggplant Brownie.app */;
			productType = "com.apple.product-type.application";
		};
/* End PBXNativeTarget section */

/* Begin PBXProject section */
		A75A715D1D14807400D6EA10 /* Project object */ = {
			isa = PBXProject;
			attributes = {
				LastSwiftUpdateCheck = 0720;
				LastUpgradeCheck = 0720;
				ORGANIZATIONNAME = "Leonardo Oliveira";
				TargetAttributes = {
					A75A71641D14807400D6EA10 = {
						CreatedOnToolsVersion = 7.2;
					};
				};
			};
			buildConfigurationList = A75A71601D14807400D6EA10 /* Build configuration list for PBXProject "Eggplant Brownie" */;
			compatibilityVersion = "Xcode 3.2";
			developmentRegion = English;
			hasScannedForEncodings = 0;
			knownRegions = (
				en,
				Base,
			);
			mainGroup = A75A715C1D14807400D6EA10;
			productRefGroup = A75A71661D14807400D6EA10 /* Products */;
			projectDirPath = "";
			projectRoot = "";
			targets = (
				A75A71641D14807400D6EA10 /* Eggplant Brownie */,
			);
		};
/* End PBXProject section */

/* Begin PBXResourcesBuildPhase section */
		A75A71631D14807400D6EA10 /* Resources */ = {
			isa = PBXResourcesBuildPhase;
			buildActionMask = 2147483647;
			files = (
				A7E089E81D498B1400CADCA1 /* MealsTableViewController.swift in Resources */,
				A7F5C7B41D493ADA00CF6A10 /* Item.swift in Resources */,
				A7F5C7B51D493ADA00CF6A10 /* ViewController.swift in Resources */,
				A7F5C7B31D493AD100CF6A10 /* Meal.swift in Resources */,
				A76270C71D46F7C7009ADCDF /* Main.storyboard in Resources */,
				A75A71731D14807500D6EA10 /* LaunchScreen.storyboard in Resources */,
				A75A71701D14807500D6EA10 /* Assets.xcassets in Resources */,
			);
			runOnlyForDeploymentPostprocessing = 0;
		};
/* End PBXResourcesBuildPhase section */

/* Begin PBXSourcesBuildPhase section */
		A75A71611D14807400D6EA10 /* Sources */ = {
			isa = PBXSourcesBuildPhase;
			buildActionMask = 2147483647;
			files = (
				A7E089E71D497B4700CADCA1 /* MealsTableViewController.swift in Sources */,
				A7F5C7B21D49341100CF6A10 /* Meal.swift in Sources */,
				A7A904111D492B9C0086C940 /* ViewController.swift in Sources */,
				A7F5C7B11D49341100CF6A10 /* Item.swift in Sources */,
				A75A71691D14807500D6EA10 /* AppDelegate.swift in Sources */,
			);
			runOnlyForDeploymentPostprocessing = 0;
		};
/* End PBXSourcesBuildPhase section */

/* Begin PBXVariantGroup section */
		A75A71711D14807500D6EA10 /* LaunchScreen.storyboard */ = {
			isa = PBXVariantGroup;
			children = (
				A75A71721D14807500D6EA10 /* Base */,
			);
			name = LaunchScreen.storyboard;
			sourceTree = "<group>";
		};
/* End PBXVariantGroup section */

/* Begin XCBuildConfiguration section */
		A75A71751D14807500D6EA10 /* Debug */ = {
			isa = XCBuildConfiguration;
			buildSettings = {
				ALWAYS_SEARCH_USER_PATHS = NO;
				CLANG_CXX_LANGUAGE_STANDARD = "gnu++0x";
				CLANG_CXX_LIBRARY = "libc++";
				CLANG_ENABLE_MODULES = YES;
				CLANG_ENABLE_OBJC_ARC = YES;
				CLANG_WARN_BOOL_CONVERSION = YES;
				CLANG_WARN_CONSTANT_CONVERSION = YES;
				CLANG_WARN_DIRECT_OBJC_ISA_USAGE = YES_ERROR;
				CLANG_WARN_EMPTY_BODY = YES;
				CLANG_WARN_ENUM_CONVERSION = YES;
				CLANG_WARN_INT_CONVERSION = YES;
				CLANG_WARN_OBJC_ROOT_CLASS = YES_ERROR;
				CLANG_WARN_UNREACHABLE_CODE = YES;
				CLANG_WARN__DUPLICATE_METHOD_MATCH = YES;
				"CODE_SIGN_IDENTITY[sdk=iphoneos*]" = "iPhone Developer";
				COPY_PHASE_STRIP = NO;
				DEBUG_INFORMATION_FORMAT = dwarf;
				ENABLE_STRICT_OBJC_MSGSEND = YES;
				ENABLE_TESTABILITY = YES;
				GCC_C_LANGUAGE_STANDARD = gnu99;
				GCC_DYNAMIC_NO_PIC = NO;
				GCC_NO_COMMON_BLOCKS = YES;
				GCC_OPTIMIZATION_LEVEL = 0;
				GCC_PREPROCESSOR_DEFINITIONS = (
					"DEBUG=1",
					"$(inherited)",
				);
				GCC_WARN_64_TO_32_BIT_CONVERSION = YES;
				GCC_WARN_ABOUT_RETURN_TYPE = YES_ERROR;
				GCC_WARN_UNDECLARED_SELECTOR = YES;
				GCC_WARN_UNINITIALIZED_AUTOS = YES_AGGRESSIVE;
				GCC_WARN_UNUSED_FUNCTION = YES;
				GCC_WARN_UNUSED_VARIABLE = YES;
				IPHONEOS_DEPLOYMENT_TARGET = 9.2;
				MTL_ENABLE_DEBUG_INFO = YES;
				ONLY_ACTIVE_ARCH = YES;
				SDKROOT = iphoneos;
				SWIFT_OPTIMIZATION_LEVEL = "-Onone";
			};
			name = Debug;
		};
		A75A71761D14807500D6EA10 /* Release */ = {
			isa = XCBuildConfiguration;
			buildSettings = {
				ALWAYS_SEARCH_USER_PATHS = NO;
				CLANG_CXX_LANGUAGE_STANDARD = "gnu++0x";
				CLANG_CXX_LIBRARY = "libc++";
				CLANG_ENABLE_MODULES = YES;
				CLANG_ENABLE_OBJC_ARC = YES;
				CLANG_WARN_BOOL_CONVERSION = YES;
				CLANG_WARN_CONSTANT_CONVERSION = YES;
				CLANG_WARN_DIRECT_OBJC_ISA_USAGE = YES_ERROR;
				CLANG_WARN_EMPTY_BODY = YES;
				CLANG_WARN_ENUM_CONVERSION = YES;
				CLANG_WARN_INT_CONVERSION = YES;
				CLANG_WARN_OBJC_ROOT_CLASS = YES_ERROR;
				CLANG_WARN_UNREACHABLE_CODE = YES;
				CLANG_WARN__DUPLICATE_METHOD_MATCH = YES;
				"CODE_SIGN_IDENTITY[sdk=iphoneos*]" = "iPhone Developer";
				COPY_PHASE_STRIP = NO;
				DEBUG_INFORMATION_FORMAT = "dwarf-with-dsym";
				ENABLE_NS_ASSERTIONS = NO;
				ENABLE_STRICT_OBJC_MSGSEND = YES;
				GCC_C_LANGUAGE_STANDARD = gnu99;
				GCC_NO_COMMON_BLOCKS = YES;
				GCC_WARN_64_TO_32_BIT_CONVERSION = YES;
				GCC_WARN_ABOUT_RETURN_TYPE = YES_ERROR;
				GCC_WARN_UNDECLARED_SELECTOR = YES;
				GCC_WARN_UNINITIALIZED_AUTOS = YES_AGGRESSIVE;
				GCC_WARN_UNUSED_FUNCTION = YES;
				GCC_WARN_UNUSED_VARIABLE = YES;
				IPHONEOS_DEPLOYMENT_TARGET = 9.2;
				MTL_ENABLE_DEBUG_INFO = NO;
				SDKROOT = iphoneos;
				VALIDATE_PRODUCT = YES;
			};
			name = Release;
		};
		A75A71781D14807500D6EA10 /* Debug */ = {
			isa = XCBuildConfiguration;
			buildSettings = {
				ASSETCATALOG_COMPILER_APPICON_NAME = AppIcon;
				CODE_SIGN_IDENTITY = "iPhone Developer";
				INFOPLIST_FILE = "Eggplant Brownie/Info.plist";
				IPHONEOS_DEPLOYMENT_TARGET = 9.2;
				LD_RUNPATH_SEARCH_PATHS = "$(inherited) @executable_path/Frameworks";
				PRODUCT_BUNDLE_IDENTIFIER = "com.casa.treino.Eggplant-Brownie";
				PRODUCT_NAME = "$(TARGET_NAME)";
				TARGETED_DEVICE_FAMILY = 1;
			};
			name = Debug;
		};
		A75A71791D14807500D6EA10 /* Release */ = {
			isa = XCBuildConfiguration;
			buildSettings = {
				ASSETCATALOG_COMPILER_APPICON_NAME = AppIcon;
				CODE_SIGN_IDENTITY = "iPhone Developer";
				INFOPLIST_FILE = "Eggplant Brownie/Info.plist";
				IPHONEOS_DEPLOYMENT_TARGET = 9.2;
				LD_RUNPATH_SEARCH_PATHS = "$(inherited) @executable_path/Frameworks";
				PRODUCT_BUNDLE_IDENTIFIER = "com.casa.treino.Eggplant-Brownie";
				PRODUCT_NAME = "$(TARGET_NAME)";
				TARGETED_DEVICE_FAMILY = 1;
			};
			name = Release;
		};
/* End XCBuildConfiguration section */

/* Begin XCConfigurationList section */
		A75A71601D14807400D6EA10 /* Build configuration list for PBXProject "Eggplant Brownie" */ = {
			isa = XCConfigurationList;
			buildConfigurations = (
				A75A71751D14807500D6EA10 /* Debug */,
				A75A71761D14807500D6EA10 /* Release */,
			);
			defaultConfigurationIsVisible = 0;
			defaultConfigurationName = Release;
		};
		A75A71771D14807500D6EA10 /* Build configuration list for PBXNativeTarget "Eggplant Brownie" */ = {
			isa = XCConfigurationList;
			buildConfigurations = (
				A75A71781D14807500D6EA10 /* Debug */,
				A75A71791D14807500D6EA10 /* Release */,
			);
			defaultConfigurationIsVisible = 0;
			defaultConfigurationName = Release;
		};
/* End XCConfigurationList section */
	};
	rootObject = A75A715D1D14807400D6EA10 /* Project object */;
}
